
Microsoft Visual Studio Solution File, Format Version 12.00
# Visual Studio Version 16
VisualStudioVersion = 16.0.30804.86
MinimumVisualStudioVersion = 10.0.40219.1
Project("{9A19103F-16F7-4668-BE54-9A1E7A4F7556}") = "CorrectApp", "CorrectApp\CorrectApp.csproj", "{78E27329-EE8C-49EC-A8EB-5832A49CB75A}"
EndProject
Project("{9A19103F-16F7-4668-BE54-9A1E7A4F7556}") = "AutoCorrect", "AutoCorrect\AutoCorrect.csproj", "{75DEA03E-9D6D-4941-8822-16D9FBA8E5C1}"
EndProject
Project("{FAE04EC0-301F-11D3-BF4B-00C04F79EFBC}") = "CorrectFixtures", "CorrectFixtures\CorrectFixtures.csproj", "{D6E68091-67E8-428D-846C-5DE80BE2B00E}"
EndProject
Project("{2150E333-8FDC-42A3-9474-1A3956D46DE8}") = "Solution Items", "Solution Items", "{12AD7F90-9656-4238-A621-5B9C5C977647}"
	ProjectSection(SolutionItems) = preProject
		.gitattributes = .gitattributes
		.gitignore = .gitignore
		README.md = README.md
	EndProjectSection
EndProject
Global
	GlobalSection(SolutionConfigurationPlatforms) = preSolution
		Debug|Any CPU = Debug|Any CPU
		Release|Any CPU = Release|Any CPU
	EndGlobalSection
	GlobalSection(ProjectConfigurationPlatforms) = postSolution
		{78E27329-EE8C-49EC-A8EB-5832A49CB75A}.Debug|Any CPU.ActiveCfg = Debug|Any CPU
		{78E27329-EE8C-49EC-A8EB-5832A49CB75A}.Debug|Any CPU.Build.0 = Debug|Any CPU
		{78E27329-EE8C-49EC-A8EB-5832A49CB75A}.Release|Any CPU.ActiveCfg = Release|Any CPU
		{78E27329-EE8C-49EC-A8EB-5832A49CB75A}.Release|Any CPU.Build.0 = Release|Any CPU
		{75DEA03E-9D6D-4941-8822-16D9FBA8E5C1}.Debug|Any CPU.ActiveCfg = Debug|Any CPU
		{75DEA03E-9D6D-4941-8822-16D9FBA8E5C1}.Debug|Any CPU.Build.0 = Debug|Any CPU
		{75DEA03E-9D6D-4941-8822-16D9FBA8E5C1}.Release|Any CPU.ActiveCfg = Release|Any CPU
		{75DEA03E-9D6D-4941-8822-16D9FBA8E5C1}.Release|Any CPU.Build.0 = Release|Any CPU
		{D6E68091-67E8-428D-846C-5DE80BE2B00E}.Debug|Any CPU.ActiveCfg = Debug|Any CPU
		{D6E68091-67E8-428D-846C-5DE80BE2B00E}.Debug|Any CPU.Build.0 = Debug|Any CPU
		{D6E68091-67E8-428D-846C-5DE80BE2B00E}.Release|Any CPU.ActiveCfg = Release|Any CPU
		{D6E68091-67E8-428D-846C-5DE80BE2B00E}.Release|Any CPU.Build.0 = Release|Any CPU
	EndGlobalSection
	GlobalSection(SolutionProperties) = preSolution
		HideSolutionNode = FALSE
	EndGlobalSection
	GlobalSection(ExtensibilityGlobals) = postSolution
		SolutionGuid = {358C0E49-B76F-48E6-8976-D0D1C6A50868}
	EndGlobalSection
EndGlobal
